{
  "name": "npm-publish-consumer",
  "version": "0.0.1",
  "lockfileVersion": 1,
  "requires": true,
  "dependencies": {
    "@srivassumit/npm-publish": {
      "version": "0.0.1",
      "resolved": "https://registry.npmjs.org/@srivassumit/npm-publish/-/npm-publish-0.0.1.tgz",
      "integrity": "sha512-8EuqHWwtIlwJZdNeFjd4d3VGtvVd+x58YIbI79WQoJkCH3HTw/naeV38zYLCLPKkG+wul2wuEd4ej00N1dQGxg=="
    },
    "@types/node": {
      "version": "12.6.9",
      "resolved": "https://registry.npmjs.org/@types/node/-/node-12.6.9.tgz",
      "integrity": "sha512-+YB9FtyxXGyD54p8rXwWaN1EWEyar5L58GlGWgtH2I9rGmLGBQcw63+0jw+ujqVavNuO47S1ByAjm9zdHMnskw=="
    },
    "typescript": {
      "version": "3.5.3",
      "resolved": "https://registry.npmjs.org/typescript/-/typescript-3.5.3.tgz",
      "integrity": "sha512-ACzBtm/PhXBDId6a6sDJfroT2pOWt/oOnk4/dElG5G33ZL776N3Y6/6bKZJBFpd+b05F3Ct9qDjMeJmRWtE2/g==",
      "dev": true
    }
  }
}
